
Microsoft Visual Studio Solution File, Format Version 12.00
# Visual Studio Version 17
VisualStudioVersion = 17.9.34728.123
MinimumVisualStudioVersion = 10.0.40219.1
Project("{FAE04EC0-301F-11D3-BF4B-00C04F79EFBC}") = "ParaClub_V1", "ParaClub_V1.csproj", "{3B2503A5-EE5C-431C-9FF3-7B74EDFB62E0}"
EndProject
Global
	GlobalSection(SolutionConfigurationPlatforms) = preSolution
		Debug|Any CPU = Debug|Any CPU
		Release|Any CPU = Release|Any CPU
	EndGlobalSection
	GlobalSection(ProjectConfigurationPlatforms) = postSolution
		{3B2503A5-EE5C-431C-9FF3-7B74EDFB62E0}.Debug|Any CPU.ActiveCfg = Debug|Any CPU
		{3B2503A5-EE5C-431C-9FF3-7B74EDFB62E0}.Debug|Any CPU.Build.0 = Debug|Any CPU
		{3B2503A5-EE5C-431C-9FF3-7B74EDFB62E0}.Release|Any CPU.ActiveCfg = Release|Any CPU
		{3B2503A5-EE5C-431C-9FF3-7B74EDFB62E0}.Release|Any CPU.Build.0 = Release|Any CPU
	EndGlobalSection
	GlobalSection(SolutionProperties) = preSolution
		HideSolutionNode = FALSE
	EndGlobalSection
	GlobalSection(ExtensibilityGlobals) = postSolution
		SolutionGuid = {5DF7B8A6-7FF9-44B2-B349-F7DF606ECF95}
	EndGlobalSection
EndGlobal
