
Microsoft Visual Studio Solution File, Format Version 12.00
# Visual Studio Version 17
VisualStudioVersion = 17.9.34728.123
MinimumVisualStudioVersion = 10.0.40219.1
Project("{FAE04EC0-301F-11D3-BF4B-00C04F79EFBC}") = "ex_snail_OO", "ex_snail_OO\ex_snail_OO.csproj", "{0CF797C2-1C05-41B7-8413-2D164F9BD4B6}"
EndProject
Global
	GlobalSection(SolutionConfigurationPlatforms) = preSolution
		Debug|Any CPU = Debug|Any CPU
		Release|Any CPU = Release|Any CPU
	EndGlobalSection
	GlobalSection(ProjectConfigurationPlatforms) = postSolution
		{0CF797C2-1C05-41B7-8413-2D164F9BD4B6}.Debug|Any CPU.ActiveCfg = Debug|Any CPU
		{0CF797C2-1C05-41B7-8413-2D164F9BD4B6}.Debug|Any CPU.Build.0 = Debug|Any CPU
		{0CF797C2-1C05-41B7-8413-2D164F9BD4B6}.Release|Any CPU.ActiveCfg = Release|Any CPU
		{0CF797C2-1C05-41B7-8413-2D164F9BD4B6}.Release|Any CPU.Build.0 = Release|Any CPU
	EndGlobalSection
	GlobalSection(SolutionProperties) = preSolution
		HideSolutionNode = FALSE
	EndGlobalSection
	GlobalSection(ExtensibilityGlobals) = postSolution
		SolutionGuid = {68A950E6-1304-45A0-B23F-10F300B91C06}
	EndGlobalSection
EndGlobal
